PODS:
  - Anchors (0.1.0)
  - Hue (2.0.1)

DEPENDENCIES:
  - Anchors (from `../../`)
  - Hue

EXTERNAL SOURCES:
  Anchors:
    :path: "../../"

SPEC CHECKSUMS:
  Anchors: 8ee1e7a02bcc5cacac1ab732921cac1dda710580
  Hue: 354caec055fdc9d38b5ef33ca2e7224721843baf

PODFILE CHECKSUM: f457c2a533f41862e93e424ad06d369e4ad62651

COCOAPODS: 1.2.1
